
Microsoft Visual Studio Solution File, Format Version 12.00
# Visual Studio Version 16
VisualStudioVersion = 16.0.31205.134
MinimumVisualStudioVersion = 10.0.40219.1
Project("{FAE04EC0-301F-11D3-BF4B-00C04F79EFBC}") = "v0520", "v0520\v0520.csproj", "{09B679BD-1482-4F80-84FA-39A4EF0CBA24}"
EndProject
Global
	GlobalSection(SolutionConfigurationPlatforms) = preSolution
		Debug|Any CPU = Debug|Any CPU
		Release|Any CPU = Release|Any CPU
	EndGlobalSection
	GlobalSection(ProjectConfigurationPlatforms) = postSolution
		{09B679BD-1482-4F80-84FA-39A4EF0CBA24}.Debug|Any CPU.ActiveCfg = Debug|Any CPU
		{09B679BD-1482-4F80-84FA-39A4EF0CBA24}.Debug|Any CPU.Build.0 = Debug|Any CPU
		{09B679BD-1482-4F80-84FA-39A4EF0CBA24}.Release|Any CPU.ActiveCfg = Release|Any CPU
		{09B679BD-1482-4F80-84FA-39A4EF0CBA24}.Release|Any CPU.Build.0 = Release|Any CPU
	EndGlobalSection
	GlobalSection(SolutionProperties) = preSolution
		HideSolutionNode = FALSE
	EndGlobalSection
	GlobalSection(ExtensibilityGlobals) = postSolution
		SolutionGuid = {D57BD8B1-1841-4CB8-96B3-E524C0FF6758}
	EndGlobalSection
EndGlobal
